// !$*UTF8*$!
{
	archiveVersion = 1;
	classes = {
	};
	objectVersion = 54;
	objects = {

/* Begin PBXBuildFile section */
		C379BD452A54940900FBA494 /* CircularSpinner in Frameworks */ = {isa = PBXBuildFile; productRef = C379BD442A54940900FBA494 /* CircularSpinner */; };
		C379BD482A54942800FBA494 /* Realm in Frameworks */ = {isa = PBXBuildFile; productRef = C379BD472A54942800FBA494 /* Realm */; };
		C379BD4A2A54942800FBA494 /* RealmSwift in Frameworks */ = {isa = PBXBuildFile; productRef = C379BD492A54942800FBA494 /* RealmSwift */; };
		C379BD4D2A54943500FBA494 /* Charts in Frameworks */ = {isa = PBXBuildFile; productRef = C379BD4C2A54943500FBA494 /* Charts */; };
		C379BD502A54945B00FBA494 /* iSamaraCounters in Frameworks */ = {isa = PBXBuildFile; productRef = C379BD4F2A54945B00FBA494 /* iSamaraCounters */; };
		C379BD522A54965A00FBA494 /* WaterCounterEntity+WaterCounterViewModel.swift in Sources */ = {isa = PBXBuildFile; fileRef = C379BD512A54965A00FBA494 /* WaterCounterEntity+WaterCounterViewModel.swift */; };
		C379BD542A5496F300FBA494 /* ProgressService.swift in Sources */ = {isa = PBXBuildFile; fileRef = C379BD532A5496F300FBA494 /* ProgressService.swift */; };
		C3B94D6227269D1B00B5CEAC /* HistoryTableController.swift in Sources */ = {isa = PBXBuildFile; fileRef = C3B94D6127269D1B00B5CEAC /* HistoryTableController.swift */; };
		C3B94D6527269D9F00B5CEAC /* UIButton.swift in Sources */ = {isa = PBXBuildFile; fileRef = C3B94D6427269D9F00B5CEAC /* UIButton.swift */; };
		C3B94D672726A38300B5CEAC /* DateFormatter.swift in Sources */ = {isa = PBXBuildFile; fileRef = C3B94D662726A38200B5CEAC /* DateFormatter.swift */; };
		C3B94D69272C65F800B5CEAC /* String.swift in Sources */ = {isa = PBXBuildFile; fileRef = C3B94D68272C65F800B5CEAC /* String.swift */; };
		C3EE61852A084DCB00BB3260 /* Settings.swift in Sources */ = {isa = PBXBuildFile; fileRef = C3EE61842A084DCB00BB3260 /* Settings.swift */; };
		C3EE61882A084EE500BB3260 /* StatisticsViewController.swift in Sources */ = {isa = PBXBuildFile; fileRef = C3EE61872A084EE500BB3260 /* StatisticsViewController.swift */; };
		C3EE618C2A0851DA00BB3260 /* NavigationRoute.swift in Sources */ = {isa = PBXBuildFile; fileRef = C3EE618A2A0851DA00BB3260 /* NavigationRoute.swift */; };
		E363B8CB258FB77F000609D5 /* AppDelegate.swift in Sources */ = {isa = PBXBuildFile; fileRef = E363B8CA258FB77F000609D5 /* AppDelegate.swift */; };
		E363B8CF258FB77F000609D5 /* FlatCountersDetailsController.swift in Sources */ = {isa = PBXBuildFile; fileRef = E363B8CE258FB77F000609D5 /* FlatCountersDetailsController.swift */; };
		E363B8D2258FB77F000609D5 /* Main.storyboard in Resources */ = {isa = PBXBuildFile; fileRef = E363B8D0258FB77F000609D5 /* Main.storyboard */; };
		E363B8D4258FB782000609D5 /* Assets.xcassets in Resources */ = {isa = PBXBuildFile; fileRef = E363B8D3258FB782000609D5 /* Assets.xcassets */; };
		E363B8D7258FB782000609D5 /* LaunchScreen.storyboard in Resources */ = {isa = PBXBuildFile; fileRef = E363B8D5258FB782000609D5 /* LaunchScreen.storyboard */; };
		E363B8E2258FB783000609D5 /* SamaraCounterTests.swift in Sources */ = {isa = PBXBuildFile; fileRef = E363B8E1258FB783000609D5 /* SamaraCounterTests.swift */; };
		E363B8ED258FB783000609D5 /* SamaraCounterUITests.swift in Sources */ = {isa = PBXBuildFile; fileRef = E363B8EC258FB783000609D5 /* SamaraCounterUITests.swift */; };
		E363B904258FBAAB000609D5 /* FlatEntity.swift in Sources */ = {isa = PBXBuildFile; fileRef = E363B901258FBAAB000609D5 /* FlatEntity.swift */; };
		E363B905258FBAAB000609D5 /* WaterCounterEntity.swift in Sources */ = {isa = PBXBuildFile; fileRef = E363B902258FBAAB000609D5 /* WaterCounterEntity.swift */; };
		E363B906258FBAAB000609D5 /* DatabaseManager.swift in Sources */ = {isa = PBXBuildFile; fileRef = E363B903258FBAAB000609D5 /* DatabaseManager.swift */; };
/* End PBXBuildFile section */

/* Begin PBXContainerItemProxy section */
		E363B8DE258FB783000609D5 /* PBXContainerItemProxy */ = {
			isa = PBXContainerItemProxy;
			containerPortal = E363B8BF258FB77F000609D5 /* Project object */;
			proxyType = 1;
			remoteGlobalIDString = E363B8C6258FB77F000609D5;
			remoteInfo = SamaraCounter;
		};
		E363B8E9258FB783000609D5 /* PBXContainerItemProxy */ = {
			isa = PBXContainerItemProxy;
			containerPortal = E363B8BF258FB77F000609D5 /* Project object */;
			proxyType = 1;
			remoteGlobalIDString = E363B8C6258FB77F000609D5;
			remoteInfo = SamaraCounter;
		};
/* End PBXContainerItemProxy section */

/* Begin PBXFileReference section */
		C31FA4692630681100740E5C /* ru */ = {isa = PBXFileReference; lastKnownFileType = text.plist.strings; name = ru; path = ru.lproj/Main.strings; sourceTree = "<group>"; };
		C31FA46D2630681100740E5C /* ru */ = {isa = PBXFileReference; lastKnownFileType = text.plist.strings; name = ru; path = ru.lproj/LaunchScreen.strings; sourceTree = "<group>"; };
		C379BD512A54965A00FBA494 /* WaterCounterEntity+WaterCounterViewModel.swift */ = {isa = PBXFileReference; fileEncoding = 4; lastKnownFileType = sourcecode.swift; path = "WaterCounterEntity+WaterCounterViewModel.swift"; sourceTree = "<group>"; };
		C379BD532A5496F300FBA494 /* ProgressService.swift */ = {isa = PBXFileReference; fileEncoding = 4; lastKnownFileType = sourcecode.swift; path = ProgressService.swift; sourceTree = "<group>"; };
		C3A7974F2A5B23B600DF14BB /* ImageLinter.swift */ = {isa = PBXFileReference; fileEncoding = 4; lastKnownFileType = sourcecode.swift; path = ImageLinter.swift; sourceTree = "<group>"; };
		C3B94D6127269D1B00B5CEAC /* HistoryTableController.swift */ = {isa = PBXFileReference; lastKnownFileType = sourcecode.swift; path = HistoryTableController.swift; sourceTree = "<group>"; };
		C3B94D6427269D9F00B5CEAC /* UIButton.swift */ = {isa = PBXFileReference; lastKnownFileType = sourcecode.swift; path = UIButton.swift; sourceTree = "<group>"; };
		C3B94D662726A38200B5CEAC /* DateFormatter.swift */ = {isa = PBXFileReference; lastKnownFileType = sourcecode.swift; path = DateFormatter.swift; sourceTree = "<group>"; };
		C3B94D68272C65F800B5CEAC /* String.swift */ = {isa = PBXFileReference; lastKnownFileType = sourcecode.swift; path = String.swift; sourceTree = "<group>"; };
		C3EE61842A084DCB00BB3260 /* Settings.swift */ = {isa = PBXFileReference; fileEncoding = 4; lastKnownFileType = sourcecode.swift; path = Settings.swift; sourceTree = "<group>"; };
		C3EE61872A084EE500BB3260 /* StatisticsViewController.swift */ = {isa = PBXFileReference; fileEncoding = 4; lastKnownFileType = sourcecode.swift; path = StatisticsViewController.swift; sourceTree = "<group>"; };
		C3EE618A2A0851DA00BB3260 /* NavigationRoute.swift */ = {isa = PBXFileReference; fileEncoding = 4; lastKnownFileType = sourcecode.swift; path = NavigationRoute.swift; sourceTree = "<group>"; };
		C3EE618E2A08594800BB3260 /* SamaraCounter.entitlements */ = {isa = PBXFileReference; lastKnownFileType = text.plist.entitlements; path = SamaraCounter.entitlements; sourceTree = "<group>"; };
		E363B8C7258FB77F000609D5 /* SamaraCounter.app */ = {isa = PBXFileReference; explicitFileType = wrapper.application; includeInIndex = 0; path = SamaraCounter.app; sourceTree = BUILT_PRODUCTS_DIR; };
		E363B8CA258FB77F000609D5 /* AppDelegate.swift */ = {isa = PBXFileReference; lastKnownFileType = sourcecode.swift; path = AppDelegate.swift; sourceTree = "<group>"; };
		E363B8CE258FB77F000609D5 /* FlatCountersDetailsController.swift */ = {isa = PBXFileReference; lastKnownFileType = sourcecode.swift; path = FlatCountersDetailsController.swift; sourceTree = "<group>"; };
		E363B8D1258FB77F000609D5 /* Base */ = {isa = PBXFileReference; lastKnownFileType = file.storyboard; name = Base; path = Base.lproj/Main.storyboard; sourceTree = "<group>"; };
		E363B8D3258FB782000609D5 /* Assets.xcassets */ = {isa = PBXFileReference; lastKnownFileType = folder.assetcatalog; path = Assets.xcassets; sourceTree = "<group>"; };
		E363B8D6258FB782000609D5 /* Base */ = {isa = PBXFileReference; lastKnownFileType = file.storyboard; name = Base; path = Base.lproj/LaunchScreen.storyboard; sourceTree = "<group>"; };
		E363B8D8258FB782000609D5 /* Info.plist */ = {isa = PBXFileReference; lastKnownFileType = text.plist.xml; path = Info.plist; sourceTree = "<group>"; };
		E363B8DD258FB783000609D5 /* SamaraCounterTests.xctest */ = {isa = PBXFileReference; explicitFileType = wrapper.cfbundle; includeInIndex = 0; path = SamaraCounterTests.xctest; sourceTree = BUILT_PRODUCTS_DIR; };
		E363B8E1258FB783000609D5 /* SamaraCounterTests.swift */ = {isa = PBXFileReference; lastKnownFileType = sourcecode.swift; path = SamaraCounterTests.swift; sourceTree = "<group>"; };
		E363B8E3258FB783000609D5 /* Info.plist */ = {isa = PBXFileReference; lastKnownFileType = text.plist.xml; path = Info.plist; sourceTree = "<group>"; };
		E363B8E8258FB783000609D5 /* SamaraCounterUITests.xctest */ = {isa = PBXFileReference; explicitFileType = wrapper.cfbundle; includeInIndex = 0; path = SamaraCounterUITests.xctest; sourceTree = BUILT_PRODUCTS_DIR; };
		E363B8EC258FB783000609D5 /* SamaraCounterUITests.swift */ = {isa = PBXFileReference; lastKnownFileType = sourcecode.swift; path = SamaraCounterUITests.swift; sourceTree = "<group>"; };
		E363B8EE258FB783000609D5 /* Info.plist */ = {isa = PBXFileReference; lastKnownFileType = text.plist.xml; path = Info.plist; sourceTree = "<group>"; };
		E363B901258FBAAB000609D5 /* FlatEntity.swift */ = {isa = PBXFileReference; fileEncoding = 4; lastKnownFileType = sourcecode.swift; path = FlatEntity.swift; sourceTree = "<group>"; };
		E363B902258FBAAB000609D5 /* WaterCounterEntity.swift */ = {isa = PBXFileReference; fileEncoding = 4; lastKnownFileType = sourcecode.swift; path = WaterCounterEntity.swift; sourceTree = "<group>"; };
		E363B903258FBAAB000609D5 /* DatabaseManager.swift */ = {isa = PBXFileReference; fileEncoding = 4; lastKnownFileType = sourcecode.swift; path = DatabaseManager.swift; sourceTree = "<group>"; };
/* End PBXFileReference section */

/* Begin PBXFrameworksBuildPhase section */
		E363B8C4258FB77F000609D5 /* Frameworks */ = {
			isa = PBXFrameworksBuildPhase;
			buildActionMask = 2147483647;
			files = (
				C379BD502A54945B00FBA494 /* iSamaraCounters in Frameworks */,
				C379BD4D2A54943500FBA494 /* Charts in Frameworks */,
				C379BD4A2A54942800FBA494 /* RealmSwift in Frameworks */,
				C379BD482A54942800FBA494 /* Realm in Frameworks */,
				C379BD452A54940900FBA494 /* CircularSpinner in Frameworks */,
			);
			runOnlyForDeploymentPostprocessing = 0;
		};
		E363B8DA258FB783000609D5 /* Frameworks */ = {
			isa = PBXFrameworksBuildPhase;
			buildActionMask = 2147483647;
			files = (
			);
			runOnlyForDeploymentPostprocessing = 0;
		};
		E363B8E5258FB783000609D5 /* Frameworks */ = {
			isa = PBXFrameworksBuildPhase;
			buildActionMask = 2147483647;
			files = (
			);
			runOnlyForDeploymentPostprocessing = 0;
		};
/* End PBXFrameworksBuildPhase section */

/* Begin PBXGroup section */
		099B48BC7A89A24611CD22E3 /* Frameworks */ = {
			isa = PBXGroup;
			children = (
			);
			name = Frameworks;
			sourceTree = "<group>";
		};
		C31FA4722630773E00740E5C /* Features */ = {
			isa = PBXGroup;
			children = (
				C3EE61862A084EE500BB3260 /* Statistics */,
				C31FA4732630775700740E5C /* Counters */,
				C3B94D6027269CE500B5CEAC /* History */,
			);
			path = Features;
			sourceTree = "<group>";
		};
		C31FA4732630775700740E5C /* Counters */ = {
			isa = PBXGroup;
			children = (
				E363B8CE258FB77F000609D5 /* FlatCountersDetailsController.swift */,
			);
			path = Counters;
			sourceTree = "<group>";
		};
		C3A7974E2A5B23B600DF14BB /* Linters */ = {
			isa = PBXGroup;
			children = (
				C3A7974F2A5B23B600DF14BB /* ImageLinter.swift */,
			);
			path = Linters;
			sourceTree = "<group>";
		};
		C3B94D6027269CE500B5CEAC /* History */ = {
			isa = PBXGroup;
			children = (
				C3B94D6127269D1B00B5CEAC /* HistoryTableController.swift */,
			);
			path = History;
			sourceTree = "<group>";
		};
		C3B94D6327269D5000B5CEAC /* Extensions */ = {
			isa = PBXGroup;
			children = (
				C3B94D6427269D9F00B5CEAC /* UIButton.swift */,
				C3B94D662726A38200B5CEAC /* DateFormatter.swift */,
				C3B94D68272C65F800B5CEAC /* String.swift */,
			);
			path = Extensions;
			sourceTree = "<group>";
		};
		C3EE61862A084EE500BB3260 /* Statistics */ = {
			isa = PBXGroup;
			children = (
				C3EE61872A084EE500BB3260 /* StatisticsViewController.swift */,
			);
			path = Statistics;
			sourceTree = "<group>";
		};
		C3EE61892A0851DA00BB3260 /* Utils */ = {
			isa = PBXGroup;
			children = (
				C3EE618A2A0851DA00BB3260 /* NavigationRoute.swift */,
				C379BD532A5496F300FBA494 /* ProgressService.swift */,
			);
			path = Utils;
			sourceTree = "<group>";
		};
		E363B8BE258FB77F000609D5 = {
			isa = PBXGroup;
			children = (
				C3A7974E2A5B23B600DF14BB /* Linters */,
				E363B8C9258FB77F000609D5 /* SamaraCounter */,
				E363B8E0258FB783000609D5 /* SamaraCounterTests */,
				E363B8EB258FB783000609D5 /* SamaraCounterUITests */,
				E363B8C8258FB77F000609D5 /* Products */,
				099B48BC7A89A24611CD22E3 /* Frameworks */,
			);
			sourceTree = "<group>";
		};
		E363B8C8258FB77F000609D5 /* Products */ = {
			isa = PBXGroup;
			children = (
				E363B8C7258FB77F000609D5 /* SamaraCounter.app */,
				E363B8DD258FB783000609D5 /* SamaraCounterTests.xctest */,
				E363B8E8258FB783000609D5 /* SamaraCounterUITests.xctest */,
			);
			name = Products;
			sourceTree = "<group>";
		};
		E363B8C9258FB77F000609D5 /* SamaraCounter */ = {
			isa = PBXGroup;
			children = (
				E363B8D8258FB782000609D5 /* Info.plist */,
				E363B8D3258FB782000609D5 /* Assets.xcassets */,
				E363B8D0258FB77F000609D5 /* Main.storyboard */,
				E363B8D5258FB782000609D5 /* LaunchScreen.storyboard */,
				C3EE618E2A08594800BB3260 /* SamaraCounter.entitlements */,
				C3EE61892A0851DA00BB3260 /* Utils */,
				E363B900258FBAAB000609D5 /* DB */,
				C3B94D6327269D5000B5CEAC /* Extensions */,
				C31FA4722630773E00740E5C /* Features */,
				E363B8CA258FB77F000609D5 /* AppDelegate.swift */,
				C3EE61842A084DCB00BB3260 /* Settings.swift */,
			);
			path = SamaraCounter;
			sourceTree = "<group>";
		};
		E363B8E0258FB783000609D5 /* SamaraCounterTests */ = {
			isa = PBXGroup;
			children = (
				E363B8E1258FB783000609D5 /* SamaraCounterTests.swift */,
				E363B8E3258FB783000609D5 /* Info.plist */,
			);
			path = SamaraCounterTests;
			sourceTree = "<group>";
		};
		E363B8EB258FB783000609D5 /* SamaraCounterUITests */ = {
			isa = PBXGroup;
			children = (
				E363B8EC258FB783000609D5 /* SamaraCounterUITests.swift */,
				E363B8EE258FB783000609D5 /* Info.plist */,
			);
			path = SamaraCounterUITests;
			sourceTree = "<group>";
		};
		E363B900258FBAAB000609D5 /* DB */ = {
			isa = PBXGroup;
			children = (
				E363B901258FBAAB000609D5 /* FlatEntity.swift */,
				E363B902258FBAAB000609D5 /* WaterCounterEntity.swift */,
				E363B903258FBAAB000609D5 /* DatabaseManager.swift */,
				C379BD512A54965A00FBA494 /* WaterCounterEntity+WaterCounterViewModel.swift */,
			);
			path = DB;
			sourceTree = "<group>";
		};
/* End PBXGroup section */

/* Begin PBXNativeTarget section */
		E363B8C6258FB77F000609D5 /* SamaraCounter */ = {
			isa = PBXNativeTarget;
			buildConfigurationList = E363B8F1258FB783000609D5 /* Build configuration list for PBXNativeTarget "SamaraCounter" */;
			buildPhases = (
				C3A797512A5B23F400DF14BB /* Linters */,
				E363B8C3258FB77F000609D5 /* Sources */,
				E363B8C4258FB77F000609D5 /* Frameworks */,
				E363B8C5258FB77F000609D5 /* Resources */,
			);
			buildRules = (
			);
			dependencies = (
			);
			name = SamaraCounter;
			packageProductDependencies = (
				C379BD442A54940900FBA494 /* CircularSpinner */,
				C379BD472A54942800FBA494 /* Realm */,
				C379BD492A54942800FBA494 /* RealmSwift */,
				C379BD4C2A54943500FBA494 /* Charts */,
				C379BD4F2A54945B00FBA494 /* iSamaraCounters */,
			);
			productName = SamaraCounter;
			productReference = E363B8C7258FB77F000609D5 /* SamaraCounter.app */;
			productType = "com.apple.product-type.application";
		};
		E363B8DC258FB783000609D5 /* SamaraCounterTests */ = {
			isa = PBXNativeTarget;
			buildConfigurationList = E363B8F4258FB783000609D5 /* Build configuration list for PBXNativeTarget "SamaraCounterTests" */;
			buildPhases = (
				E363B8D9258FB783000609D5 /* Sources */,
				E363B8DA258FB783000609D5 /* Frameworks */,
				E363B8DB258FB783000609D5 /* Resources */,
			);
			buildRules = (
			);
			dependencies = (
				E363B8DF258FB783000609D5 /* PBXTargetDependency */,
			);
			name = SamaraCounterTests;
			productName = SamaraCounterTests;
			productReference = E363B8DD258FB783000609D5 /* SamaraCounterTests.xctest */;
			productType = "com.apple.product-type.bundle.unit-test";
		};
		E363B8E7258FB783000609D5 /* SamaraCounterUITests */ = {
			isa = PBXNativeTarget;
			buildConfigurationList = E363B8F7258FB783000609D5 /* Build configuration list for PBXNativeTarget "SamaraCounterUITests" */;
			buildPhases = (
				E363B8E4258FB783000609D5 /* Sources */,
				E363B8E5258FB783000609D5 /* Frameworks */,
				E363B8E6258FB783000609D5 /* Resources */,
			);
			buildRules = (
			);
			dependencies = (
				E363B8EA258FB783000609D5 /* PBXTargetDependency */,
			);
			name = SamaraCounterUITests;
			productName = SamaraCounterUITests;
			productReference = E363B8E8258FB783000609D5 /* SamaraCounterUITests.xctest */;
			productType = "com.apple.product-type.bundle.ui-testing";
		};
/* End PBXNativeTarget section */

/* Begin PBXProject section */
		E363B8BF258FB77F000609D5 /* Project object */ = {
			isa = PBXProject;
			attributes = {
				BuildIndependentTargetsInParallel = YES;
				LastSwiftUpdateCheck = 1210;
				LastUpgradeCheck = 1430;
				TargetAttributes = {
					E363B8C6258FB77F000609D5 = {
						CreatedOnToolsVersion = 12.1;
					};
					E363B8DC258FB783000609D5 = {
						CreatedOnToolsVersion = 12.1;
						TestTargetID = E363B8C6258FB77F000609D5;
					};
					E363B8E7258FB783000609D5 = {
						CreatedOnToolsVersion = 12.1;
						TestTargetID = E363B8C6258FB77F000609D5;
					};
				};
			};
			buildConfigurationList = E363B8C2258FB77F000609D5 /* Build configuration list for PBXProject "SamaraCounter" */;
			compatibilityVersion = "Xcode 9.3";
			developmentRegion = en;
			hasScannedForEncodings = 0;
			knownRegions = (
				en,
				Base,
				ru,
			);
			mainGroup = E363B8BE258FB77F000609D5;
			packageReferences = (
				C379BD432A54940900FBA494 /* XCRemoteSwiftPackageReference "CircularSpinner" */,
				C379BD462A54942800FBA494 /* XCRemoteSwiftPackageReference "realm-swift" */,
				C379BD4B2A54943500FBA494 /* XCRemoteSwiftPackageReference "Charts" */,
				C379BD4E2A54945B00FBA494 /* XCRemoteSwiftPackageReference "iSamaraCounters" */,
			);
			productRefGroup = E363B8C8258FB77F000609D5 /* Products */;
			projectDirPath = "";
			projectRoot = "";
			targets = (
				E363B8C6258FB77F000609D5 /* SamaraCounter */,
				E363B8DC258FB783000609D5 /* SamaraCounterTests */,
				E363B8E7258FB783000609D5 /* SamaraCounterUITests */,
			);
		};
/* End PBXProject section */

/* Begin PBXResourcesBuildPhase section */
		E363B8C5258FB77F000609D5 /* Resources */ = {
			isa = PBXResourcesBuildPhase;
			buildActionMask = 2147483647;
			files = (
				E363B8D7258FB782000609D5 /* LaunchScreen.storyboard in Resources */,
				E363B8D4258FB782000609D5 /* Assets.xcassets in Resources */,
				E363B8D2258FB77F000609D5 /* Main.storyboard in Resources */,
			);
			runOnlyForDeploymentPostprocessing = 0;
		};
		E363B8DB258FB783000609D5 /* Resources */ = {
			isa = PBXResourcesBuildPhase;
			buildActionMask = 2147483647;
			files = (
			);
			runOnlyForDeploymentPostprocessing = 0;
		};
		E363B8E6258FB783000609D5 /* Resources */ = {
			isa = PBXResourcesBuildPhase;
			buildActionMask = 2147483647;
			files = (
			);
			runOnlyForDeploymentPostprocessing = 0;
		};
/* End PBXResourcesBuildPhase section */

/* Begin PBXShellScriptBuildPhase section */
		C3A797512A5B23F400DF14BB /* Linters */ = {
			isa = PBXShellScriptBuildPhase;
			alwaysOutOfDate = 1;
			buildActionMask = 2147483647;
			files = (
			);
			inputFileListPaths = (
			);
			inputPaths = (
			);
			name = Linters;
			outputFileListPaths = (
			);
			outputPaths = (
			);
			runOnlyForDeploymentPostprocessing = 0;
			shellPath = /bin/sh;
			shellScript = "swiftc Linters/ImageLinter.swift\nImageLinter -imagesPath \"/SamaraCounter\" -sourcePath \"/SamaraCounter\"\n";
		};
/* End PBXShellScriptBuildPhase section */

/* Begin PBXSourcesBuildPhase section */
		E363B8C3258FB77F000609D5 /* Sources */ = {
			isa = PBXSourcesBuildPhase;
			buildActionMask = 2147483647;
			files = (
				C3EE618C2A0851DA00BB3260 /* NavigationRoute.swift in Sources */,
				C3B94D6527269D9F00B5CEAC /* UIButton.swift in Sources */,
				C3B94D6227269D1B00B5CEAC /* HistoryTableController.swift in Sources */,
				E363B904258FBAAB000609D5 /* FlatEntity.swift in Sources */,
				E363B8CF258FB77F000609D5 /* FlatCountersDetailsController.swift in Sources */,
				C379BD522A54965A00FBA494 /* WaterCounterEntity+WaterCounterViewModel.swift in Sources */,
				C3EE61882A084EE500BB3260 /* StatisticsViewController.swift in Sources */,
				E363B906258FBAAB000609D5 /* DatabaseManager.swift in Sources */,
				C379BD542A5496F300FBA494 /* ProgressService.swift in Sources */,
				E363B8CB258FB77F000609D5 /* AppDelegate.swift in Sources */,
				C3EE61852A084DCB00BB3260 /* Settings.swift in Sources */,
				C3B94D672726A38300B5CEAC /* DateFormatter.swift in Sources */,
				C3B94D69272C65F800B5CEAC /* String.swift in Sources */,
				E363B905258FBAAB000609D5 /* WaterCounterEntity.swift in Sources */,
			);
			runOnlyForDeploymentPostprocessing = 0;
		};
		E363B8D9258FB783000609D5 /* Sources */ = {
			isa = PBXSourcesBuildPhase;
			buildActionMask = 2147483647;
			files = (
				E363B8E2258FB783000609D5 /* SamaraCounterTests.swift in Sources */,
			);
			runOnlyForDeploymentPostprocessing = 0;
		};
		E363B8E4258FB783000609D5 /* Sources */ = {
			isa = PBXSourcesBuildPhase;
			buildActionMask = 2147483647;
			files = (
				E363B8ED258FB783000609D5 /* SamaraCounterUITests.swift in Sources */,
			);
			runOnlyForDeploymentPostprocessing = 0;
		};
/* End PBXSourcesBuildPhase section */

/* Begin PBXTargetDependency section */
		E363B8DF258FB783000609D5 /* PBXTargetDependency */ = {
			isa = PBXTargetDependency;
			target = E363B8C6258FB77F000609D5 /* SamaraCounter */;
			targetProxy = E363B8DE258FB783000609D5 /* PBXContainerItemProxy */;
		};
		E363B8EA258FB783000609D5 /* PBXTargetDependency */ = {
			isa = PBXTargetDependency;
			target = E363B8C6258FB77F000609D5 /* SamaraCounter */;
			targetProxy = E363B8E9258FB783000609D5 /* PBXContainerItemProxy */;
		};
/* End PBXTargetDependency section */

/* Begin PBXVariantGroup section */
		E363B8D0258FB77F000609D5 /* Main.storyboard */ = {
			isa = PBXVariantGroup;
			children = (
				E363B8D1258FB77F000609D5 /* Base */,
				C31FA4692630681100740E5C /* ru */,
			);
			name = Main.storyboard;
			sourceTree = "<group>";
		};
		E363B8D5258FB782000609D5 /* LaunchScreen.storyboard */ = {
			isa = PBXVariantGroup;
			children = (
				E363B8D6258FB782000609D5 /* Base */,
				C31FA46D2630681100740E5C /* ru */,
			);
			name = LaunchScreen.storyboard;
			sourceTree = "<group>";
		};
/* End PBXVariantGroup section */

/* Begin XCBuildConfiguration section */
		E363B8EF258FB783000609D5 /* Debug */ = {
			isa = XCBuildConfiguration;
			buildSettings = {
				ALWAYS_SEARCH_USER_PATHS = NO;
				CLANG_ANALYZER_LOCALIZABILITY_NONLOCALIZED = YES;
				CLANG_ANALYZER_NONNULL = YES;
				CLANG_ANALYZER_NUMBER_OBJECT_CONVERSION = YES_AGGRESSIVE;
				CLANG_CXX_LANGUAGE_STANDARD = "gnu++14";
				CLANG_CXX_LIBRARY = "libc++";
				CLANG_ENABLE_MODULES = YES;
				CLANG_ENABLE_OBJC_ARC = YES;
				CLANG_ENABLE_OBJC_WEAK = YES;
				CLANG_WARN_BLOCK_CAPTURE_AUTORELEASING = YES;
				CLANG_WARN_BOOL_CONVERSION = YES;
				CLANG_WARN_COMMA = YES;
				CLANG_WARN_CONSTANT_CONVERSION = YES;
				CLANG_WARN_DEPRECATED_OBJC_IMPLEMENTATIONS = YES;
				CLANG_WARN_DIRECT_OBJC_ISA_USAGE = YES_ERROR;
				CLANG_WARN_DOCUMENTATION_COMMENTS = YES;
				CLANG_WARN_EMPTY_BODY = YES;
				CLANG_WARN_ENUM_CONVERSION = YES;
				CLANG_WARN_INFINITE_RECURSION = YES;
				CLANG_WARN_INT_CONVERSION = YES;
				CLANG_WARN_NON_LITERAL_NULL_CONVERSION = YES;
				CLANG_WARN_OBJC_IMPLICIT_RETAIN_SELF = YES;
				CLANG_WARN_OBJC_LITERAL_CONVERSION = YES;
				CLANG_WARN_OBJC_ROOT_CLASS = YES_ERROR;
				CLANG_WARN_QUOTED_INCLUDE_IN_FRAMEWORK_HEADER = YES;
				CLANG_WARN_RANGE_LOOP_ANALYSIS = YES;
				CLANG_WARN_STRICT_PROTOTYPES = YES;
				CLANG_WARN_SUSPICIOUS_MOVE = YES;
				CLANG_WARN_UNGUARDED_AVAILABILITY = YES_AGGRESSIVE;
				CLANG_WARN_UNREACHABLE_CODE = YES;
				CLANG_WARN__DUPLICATE_METHOD_MATCH = YES;
				COPY_PHASE_STRIP = NO;
				DEBUG_INFORMATION_FORMAT = dwarf;
				ENABLE_STRICT_OBJC_MSGSEND = YES;
				ENABLE_TESTABILITY = YES;
				GCC_C_LANGUAGE_STANDARD = gnu11;
				GCC_DYNAMIC_NO_PIC = NO;
				GCC_NO_COMMON_BLOCKS = YES;
				GCC_OPTIMIZATION_LEVEL = 0;
				GCC_PREPROCESSOR_DEFINITIONS = (
					"DEBUG=1",
					"$(inherited)",
				);
				GCC_WARN_64_TO_32_BIT_CONVERSION = YES;
				GCC_WARN_ABOUT_RETURN_TYPE = YES_ERROR;
				GCC_WARN_UNDECLARED_SELECTOR = YES;
				GCC_WARN_UNINITIALIZED_AUTOS = YES_AGGRESSIVE;
				GCC_WARN_UNUSED_FUNCTION = YES;
				GCC_WARN_UNUSED_VARIABLE = YES;
				IPHONEOS_DEPLOYMENT_TARGET = 11.0;
				MTL_ENABLE_DEBUG_INFO = INCLUDE_SOURCE;
				MTL_FAST_MATH = YES;
				ONLY_ACTIVE_ARCH = YES;
				SDKROOT = iphoneos;
				SWIFT_ACTIVE_COMPILATION_CONDITIONS = DEBUG;
				SWIFT_OPTIMIZATION_LEVEL = "-Onone";
				TARGETED_DEVICE_FAMILY = "1,2";
			};
			name = Debug;
		};
		E363B8F0258FB783000609D5 /* Release */ = {
			isa = XCBuildConfiguration;
			buildSettings = {
				ALWAYS_SEARCH_USER_PATHS = NO;
				CLANG_ANALYZER_LOCALIZABILITY_NONLOCALIZED = YES;
				CLANG_ANALYZER_NONNULL = YES;
				CLANG_ANALYZER_NUMBER_OBJECT_CONVERSION = YES_AGGRESSIVE;
				CLANG_CXX_LANGUAGE_STANDARD = "gnu++14";
				CLANG_CXX_LIBRARY = "libc++";
				CLANG_ENABLE_MODULES = YES;
				CLANG_ENABLE_OBJC_ARC = YES;
				CLANG_ENABLE_OBJC_WEAK = YES;
				CLANG_WARN_BLOCK_CAPTURE_AUTORELEASING = YES;
				CLANG_WARN_BOOL_CONVERSION = YES;
				CLANG_WARN_COMMA = YES;
				CLANG_WARN_CONSTANT_CONVERSION = YES;
				CLANG_WARN_DEPRECATED_OBJC_IMPLEMENTATIONS = YES;
				CLANG_WARN_DIRECT_OBJC_ISA_USAGE = YES_ERROR;
				CLANG_WARN_DOCUMENTATION_COMMENTS = YES;
				CLANG_WARN_EMPTY_BODY = YES;
				CLANG_WARN_ENUM_CONVERSION = YES;
				CLANG_WARN_INFINITE_RECURSION = YES;
				CLANG_WARN_INT_CONVERSION = YES;
				CLANG_WARN_NON_LITERAL_NULL_CONVERSION = YES;
				CLANG_WARN_OBJC_IMPLICIT_RETAIN_SELF = YES;
				CLANG_WARN_OBJC_LITERAL_CONVERSION = YES;
				CLANG_WARN_OBJC_ROOT_CLASS = YES_ERROR;
				CLANG_WARN_QUOTED_INCLUDE_IN_FRAMEWORK_HEADER = YES;
				CLANG_WARN_RANGE_LOOP_ANALYSIS = YES;
				CLANG_WARN_STRICT_PROTOTYPES = YES;
				CLANG_WARN_SUSPICIOUS_MOVE = YES;
				CLANG_WARN_UNGUARDED_AVAILABILITY = YES_AGGRESSIVE;
				CLANG_WARN_UNREACHABLE_CODE = YES;
				CLANG_WARN__DUPLICATE_METHOD_MATCH = YES;
				COPY_PHASE_STRIP = NO;
				DEBUG_INFORMATION_FORMAT = "dwarf-with-dsym";
				ENABLE_NS_ASSERTIONS = NO;
				ENABLE_STRICT_OBJC_MSGSEND = YES;
				GCC_C_LANGUAGE_STANDARD = gnu11;
				GCC_NO_COMMON_BLOCKS = YES;
				GCC_WARN_64_TO_32_BIT_CONVERSION = YES;
				GCC_WARN_ABOUT_RETURN_TYPE = YES_ERROR;
				GCC_WARN_UNDECLARED_SELECTOR = YES;
				GCC_WARN_UNINITIALIZED_AUTOS = YES_AGGRESSIVE;
				GCC_WARN_UNUSED_FUNCTION = YES;
				GCC_WARN_UNUSED_VARIABLE = YES;
				IPHONEOS_DEPLOYMENT_TARGET = 11.0;
				MTL_ENABLE_DEBUG_INFO = NO;
				MTL_FAST_MATH = YES;
				SDKROOT = iphoneos;
				SWIFT_COMPILATION_MODE = wholemodule;
				SWIFT_OPTIMIZATION_LEVEL = "-O";
				TARGETED_DEVICE_FAMILY = "1,2";
				VALIDATE_PRODUCT = YES;
			};
			name = Release;
		};
		E363B8F2258FB783000609D5 /* Debug */ = {
			isa = XCBuildConfiguration;
			buildSettings = {
				ASSETCATALOG_COMPILER_APPICON_NAME = AppIcon;
				ASSETCATALOG_COMPILER_GLOBAL_ACCENT_COLOR_NAME = AccentColor;
				CODE_SIGN_ENTITLEMENTS = SamaraCounter/SamaraCounter.entitlements;
				CODE_SIGN_STYLE = Automatic;
				CURRENT_PROJECT_VERSION = 1;
				DEVELOPMENT_TEAM = FDK83T8QNS;
				INFOPLIST_FILE = SamaraCounter/Info.plist;
				IPHONEOS_DEPLOYMENT_TARGET = 12.0;
				LD_RUNPATH_SEARCH_PATHS = (
					"$(inherited)",
					"@executable_path/Frameworks",
				);
				MACOSX_DEPLOYMENT_TARGET = 11.0;
				MARKETING_VERSION = 1.5;
				PRODUCT_BUNDLE_IDENTIFIER = com.byterix.SamaraCounter;
				PRODUCT_NAME = "$(TARGET_NAME)";
				SWIFT_VERSION = 5.0;
			};
			name = Debug;
		};
		E363B8F3258FB783000609D5 /* Release */ = {
			isa = XCBuildConfiguration;
			buildSettings = {
				ASSETCATALOG_COMPILER_APPICON_NAME = AppIcon;
				ASSETCATALOG_COMPILER_GLOBAL_ACCENT_COLOR_NAME = AccentColor;
				CODE_SIGN_ENTITLEMENTS = SamaraCounter/SamaraCounter.entitlements;
				CODE_SIGN_STYLE = Automatic;
				CURRENT_PROJECT_VERSION = 1;
				DEVELOPMENT_TEAM = FDK83T8QNS;
				INFOPLIST_FILE = SamaraCounter/Info.plist;
				IPHONEOS_DEPLOYMENT_TARGET = 12.0;
				LD_RUNPATH_SEARCH_PATHS = (
					"$(inherited)",
					"@executable_path/Frameworks",
				);
				MACOSX_DEPLOYMENT_TARGET = 11.0;
				MARKETING_VERSION = 1.5;
				PRODUCT_BUNDLE_IDENTIFIER = com.byterix.SamaraCounter;
				PRODUCT_NAME = "$(TARGET_NAME)";
				SWIFT_VERSION = 5.0;
			};
			name = Release;
		};
		E363B8F5258FB783000609D5 /* Debug */ = {
			isa = XCBuildConfiguration;
			buildSettings = {
				ALWAYS_EMBED_SWIFT_STANDARD_LIBRARIES = YES;
				BUNDLE_LOADER = "$(TEST_HOST)";
				CODE_SIGN_STYLE = Automatic;
				DEVELOPMENT_TEAM = FDK83T8QNS;
				INFOPLIST_FILE = SamaraCounterTests/Info.plist;
				IPHONEOS_DEPLOYMENT_TARGET = 14.1;
				LD_RUNPATH_SEARCH_PATHS = (
					"$(inherited)",
					"@executable_path/Frameworks",
					"@loader_path/Frameworks",
				);
				PRODUCT_BUNDLE_IDENTIFIER = Byterix.SamaraCounterTests;
				PRODUCT_NAME = "$(TARGET_NAME)";
				SWIFT_VERSION = 5.0;
				TARGETED_DEVICE_FAMILY = "1,2";
				TEST_HOST = "$(BUILT_PRODUCTS_DIR)/SamaraCounter.app/SamaraCounter";
			};
			name = Debug;
		};
		E363B8F6258FB783000609D5 /* Release */ = {
			isa = XCBuildConfiguration;
			buildSettings = {
				ALWAYS_EMBED_SWIFT_STANDARD_LIBRARIES = YES;
				BUNDLE_LOADER = "$(TEST_HOST)";
				CODE_SIGN_STYLE = Automatic;
				DEVELOPMENT_TEAM = FDK83T8QNS;
				INFOPLIST_FILE = SamaraCounterTests/Info.plist;
				IPHONEOS_DEPLOYMENT_TARGET = 14.1;
				LD_RUNPATH_SEARCH_PATHS = (
					"$(inherited)",
					"@executable_path/Frameworks",
					"@loader_path/Frameworks",
				);
				PRODUCT_BUNDLE_IDENTIFIER = Byterix.SamaraCounterTests;
				PRODUCT_NAME = "$(TARGET_NAME)";
				SWIFT_VERSION = 5.0;
				TARGETED_DEVICE_FAMILY = "1,2";
				TEST_HOST = "$(BUILT_PRODUCTS_DIR)/SamaraCounter.app/SamaraCounter";
			};
			name = Release;
		};
		E363B8F8258FB783000609D5 /* Debug */ = {
			isa = XCBuildConfiguration;
			buildSettings = {
				ALWAYS_EMBED_SWIFT_STANDARD_LIBRARIES = YES;
				CODE_SIGN_STYLE = Automatic;
				DEVELOPMENT_TEAM = FDK83T8QNS;
				INFOPLIST_FILE = SamaraCounterUITests/Info.plist;
				LD_RUNPATH_SEARCH_PATHS = (
					"$(inherited)",
					"@executable_path/Frameworks",
					"@loader_path/Frameworks",
				);
				PRODUCT_BUNDLE_IDENTIFIER = Byterix.SamaraCounterUITests;
				PRODUCT_NAME = "$(TARGET_NAME)";
				SWIFT_VERSION = 5.0;
				TARGETED_DEVICE_FAMILY = "1,2";
				TEST_TARGET_NAME = SamaraCounter;
			};
			name = Debug;
		};
		E363B8F9258FB783000609D5 /* Release */ = {
			isa = XCBuildConfiguration;
			buildSettings = {
				ALWAYS_EMBED_SWIFT_STANDARD_LIBRARIES = YES;
				CODE_SIGN_STYLE = Automatic;
				DEVELOPMENT_TEAM = FDK83T8QNS;
				INFOPLIST_FILE = SamaraCounterUITests/Info.plist;
				LD_RUNPATH_SEARCH_PATHS = (
					"$(inherited)",
					"@executable_path/Frameworks",
					"@loader_path/Frameworks",
				);
				PRODUCT_BUNDLE_IDENTIFIER = Byterix.SamaraCounterUITests;
				PRODUCT_NAME = "$(TARGET_NAME)";
				SWIFT_VERSION = 5.0;
				TARGETED_DEVICE_FAMILY = "1,2";
				TEST_TARGET_NAME = SamaraCounter;
			};
			name = Release;
		};
/* End XCBuildConfiguration section */

/* Begin XCConfigurationList section */
		E363B8C2258FB77F000609D5 /* Build configuration list for PBXProject "SamaraCounter" */ = {
			isa = XCConfigurationList;
			buildConfigurations = (
				E363B8EF258FB783000609D5 /* Debug */,
				E363B8F0258FB783000609D5 /* Release */,
			);
			defaultConfigurationIsVisible = 0;
			defaultConfigurationName = Release;
		};
		E363B8F1258FB783000609D5 /* Build configuration list for PBXNativeTarget "SamaraCounter" */ = {
			isa = XCConfigurationList;
			buildConfigurations = (
				E363B8F2258FB783000609D5 /* Debug */,
				E363B8F3258FB783000609D5 /* Release */,
			);
			defaultConfigurationIsVisible = 0;
			defaultConfigurationName = Release;
		};
		E363B8F4258FB783000609D5 /* Build configuration list for PBXNativeTarget "SamaraCounterTests" */ = {
			isa = XCConfigurationList;
			buildConfigurations = (
				E363B8F5258FB783000609D5 /* Debug */,
				E363B8F6258FB783000609D5 /* Release */,
			);
			defaultConfigurationIsVisible = 0;
			defaultConfigurationName = Release;
		};
		E363B8F7258FB783000609D5 /* Build configuration list for PBXNativeTarget "SamaraCounterUITests" */ = {
			isa = XCConfigurationList;
			buildConfigurations = (
				E363B8F8258FB783000609D5 /* Debug */,
				E363B8F9258FB783000609D5 /* Release */,
			);
			defaultConfigurationIsVisible = 0;
			defaultConfigurationName = Release;
		};
/* End XCConfigurationList section */

/* Begin XCRemoteSwiftPackageReference section */
		C379BD432A54940900FBA494 /* XCRemoteSwiftPackageReference "CircularSpinner" */ = {
			isa = XCRemoteSwiftPackageReference;
			repositoryURL = "https://github.com/ByteriX/CircularSpinner.git";
			requirement = {
				kind = upToNextMajorVersion;
				minimumVersion = 1.0.0;
			};
		};
		C379BD462A54942800FBA494 /* XCRemoteSwiftPackageReference "realm-swift" */ = {
			isa = XCRemoteSwiftPackageReference;
			repositoryURL = "https://github.com/realm/realm-swift.git";
			requirement = {
				branch = master;
				kind = branch;
			};
		};
		C379BD4B2A54943500FBA494 /* XCRemoteSwiftPackageReference "Charts" */ = {
			isa = XCRemoteSwiftPackageReference;
			repositoryURL = "https://github.com/corteggo/Charts";
			requirement = {
				kind = upToNextMajorVersion;
				minimumVersion = 3.0.0;
			};
		};
		C379BD4E2A54945B00FBA494 /* XCRemoteSwiftPackageReference "iSamaraCounters" */ = {
			isa = XCRemoteSwiftPackageReference;
			repositoryURL = "https://github.com/sofbix/iSamaraCounters.git";
			requirement = {
				branch = main;
				kind = branch;
			};
		};
/* End XCRemoteSwiftPackageReference section */

/* Begin XCSwiftPackageProductDependency section */
		C379BD442A54940900FBA494 /* CircularSpinner */ = {
			isa = XCSwiftPackageProductDependency;
			package = C379BD432A54940900FBA494 /* XCRemoteSwiftPackageReference "CircularSpinner" */;
			productName = CircularSpinner;
		};
		C379BD472A54942800FBA494 /* Realm */ = {
			isa = XCSwiftPackageProductDependency;
			package = C379BD462A54942800FBA494 /* XCRemoteSwiftPackageReference "realm-swift" */;
			productName = Realm;
		};
		C379BD492A54942800FBA494 /* RealmSwift */ = {
			isa = XCSwiftPackageProductDependency;
			package = C379BD462A54942800FBA494 /* XCRemoteSwiftPackageReference "realm-swift" */;
			productName = RealmSwift;
		};
		C379BD4C2A54943500FBA494 /* Charts */ = {
			isa = XCSwiftPackageProductDependency;
			package = C379BD4B2A54943500FBA494 /* XCRemoteSwiftPackageReference "Charts" */;
			productName = Charts;
		};
		C379BD4F2A54945B00FBA494 /* iSamaraCounters */ = {
			isa = XCSwiftPackageProductDependency;
			package = C379BD4E2A54945B00FBA494 /* XCRemoteSwiftPackageReference "iSamaraCounters" */;
			productName = iSamaraCounters;
		};
/* End XCSwiftPackageProductDependency section */
	};
	rootObject = E363B8BF258FB77F000609D5 /* Project object */;
}
